
Microsoft Visual Studio Solution File, Format Version 12.00
# Visual Studio Version 16
VisualStudioVersion = 16.0.30309.148
MinimumVisualStudioVersion = 10.0.40219.1
Project("{FAE04EC0-301F-11D3-BF4B-00C04F79EFBC}") = "03_Ciklusok", "03_Ciklusok\03_Ciklusok.csproj", "{D60A5DF9-C8F7-4141-921F-A78326D13337}"
EndProject
Global
	GlobalSection(SolutionConfigurationPlatforms) = preSolution
		Debug|Any CPU = Debug|Any CPU
		Release|Any CPU = Release|Any CPU
	EndGlobalSection
	GlobalSection(ProjectConfigurationPlatforms) = postSolution
		{D60A5DF9-C8F7-4141-921F-A78326D13337}.Debug|Any CPU.ActiveCfg = Debug|Any CPU
		{D60A5DF9-C8F7-4141-921F-A78326D13337}.Debug|Any CPU.Build.0 = Debug|Any CPU
		{D60A5DF9-C8F7-4141-921F-A78326D13337}.Release|Any CPU.ActiveCfg = Release|Any CPU
		{D60A5DF9-C8F7-4141-921F-A78326D13337}.Release|Any CPU.Build.0 = Release|Any CPU
	EndGlobalSection
	GlobalSection(SolutionProperties) = preSolution
		HideSolutionNode = FALSE
	EndGlobalSection
	GlobalSection(ExtensibilityGlobals) = postSolution
		SolutionGuid = {228AC2C3-BDBA-4657-93EC-13BCE43357C0}
	EndGlobalSection
EndGlobal
